
Microsoft Visual Studio Solution File, Format Version 12.00
# Visual Studio Version 17
VisualStudioVersion = 17.5.002.0
MinimumVisualStudioVersion = 10.0.40219.1
Project("{9A19103F-16F7-4668-BE54-9A1E7A4F7556}") = "Encapsulamento", "Encapsulamento.csproj", "{90D0D35F-9D81-4997-B8B1-C2F5D4BE9B41}"
EndProject
Global
	GlobalSection(SolutionConfigurationPlatforms) = preSolution
		Debug|Any CPU = Debug|Any CPU
		Release|Any CPU = Release|Any CPU
	EndGlobalSection
	GlobalSection(ProjectConfigurationPlatforms) = postSolution
		{90D0D35F-9D81-4997-B8B1-C2F5D4BE9B41}.Debug|Any CPU.ActiveCfg = Debug|Any CPU
		{90D0D35F-9D81-4997-B8B1-C2F5D4BE9B41}.Debug|Any CPU.Build.0 = Debug|Any CPU
		{90D0D35F-9D81-4997-B8B1-C2F5D4BE9B41}.Release|Any CPU.ActiveCfg = Release|Any CPU
		{90D0D35F-9D81-4997-B8B1-C2F5D4BE9B41}.Release|Any CPU.Build.0 = Release|Any CPU
	EndGlobalSection
	GlobalSection(SolutionProperties) = preSolution
		HideSolutionNode = FALSE
	EndGlobalSection
	GlobalSection(ExtensibilityGlobals) = postSolution
		SolutionGuid = {285A2A0A-2C11-4044-BE99-F05B05B80881}
	EndGlobalSection
EndGlobal
